Microsoft Visual Studio Solution File, Format Version 12.00
# Visual Studio 2012
Project("{FAE04EC0-301F-11D3-BF4B-00C04F79EFBC}") = "NinePatchRectMinimumTestHarness", "NinePatchRectMinimumTestHarness.csproj", "{301778D2-505D-4106-A581-2F2D8EA9C6C6}"
EndProject
Global
	GlobalSection(SolutionConfigurationPlatforms) = preSolution
	Debug|Any CPU = Debug|Any CPU
	ExportDebug|Any CPU = ExportDebug|Any CPU
	ExportRelease|Any CPU = ExportRelease|Any CPU
	EndGlobalSection
	GlobalSection(ProjectConfigurationPlatforms) = postSolution
		{301778D2-505D-4106-A581-2F2D8EA9C6C6}.Debug|Any CPU.ActiveCfg = Debug|Any CPU
		{301778D2-505D-4106-A581-2F2D8EA9C6C6}.Debug|Any CPU.Build.0 = Debug|Any CPU
		{301778D2-505D-4106-A581-2F2D8EA9C6C6}.ExportDebug|Any CPU.ActiveCfg = ExportDebug|Any CPU
		{301778D2-505D-4106-A581-2F2D8EA9C6C6}.ExportDebug|Any CPU.Build.0 = ExportDebug|Any CPU
		{301778D2-505D-4106-A581-2F2D8EA9C6C6}.ExportRelease|Any CPU.ActiveCfg = ExportRelease|Any CPU
		{301778D2-505D-4106-A581-2F2D8EA9C6C6}.ExportRelease|Any CPU.Build.0 = ExportRelease|Any CPU
	EndGlobalSection
EndGlobal
